
Microsoft Visual Studio Solution File, Format Version 12.00
# Visual Studio Version 16
VisualStudioVersion = 16.0.29709.97
MinimumVisualStudioVersion = 10.0.40219.1
Project("{FAE04EC0-301F-11D3-BF4B-00C04F79EFBC}") = "WebApi01", "WebApi01\WebApi01.csproj", "{B32FB863-97AB-40D5-8775-FF8C4D4BC0FD}"
EndProject
Global
	GlobalSection(SolutionConfigurationPlatforms) = preSolution
		Debug|Any CPU = Debug|Any CPU
		Release|Any CPU = Release|Any CPU
	EndGlobalSection
	GlobalSection(ProjectConfigurationPlatforms) = postSolution
		{B32FB863-97AB-40D5-8775-FF8C4D4BC0FD}.Debug|Any CPU.ActiveCfg = Debug|Any CPU
		{B32FB863-97AB-40D5-8775-FF8C4D4BC0FD}.Debug|Any CPU.Build.0 = Debug|Any CPU
		{B32FB863-97AB-40D5-8775-FF8C4D4BC0FD}.Release|Any CPU.ActiveCfg = Release|Any CPU
		{B32FB863-97AB-40D5-8775-FF8C4D4BC0FD}.Release|Any CPU.Build.0 = Release|Any CPU
	EndGlobalSection
	GlobalSection(SolutionProperties) = preSolution
		HideSolutionNode = FALSE
	EndGlobalSection
	GlobalSection(ExtensibilityGlobals) = postSolution
		SolutionGuid = {E0CB0BFB-13E1-44A0-B5DF-5AE354656E44}
	EndGlobalSection
EndGlobal
